
Microsoft Visual Studio Solution File, Format Version 12.00
# Visual Studio for Mac
Project("{FAE04EC0-301F-11D3-BF4B-00C04F79EFBC}") = "Assembly-CSharp-firstpass", "Assembly-CSharp-firstpass.csproj", "{4D64C43E-39FE-574D-043E-873993152B41}"
EndProject
Project("{FAE04EC0-301F-11D3-BF4B-00C04F79EFBC}") = "Assembly-CSharp", "Assembly-CSharp.csproj", "{93F041BF-8376-3FCE-5B03-3A0AAB6EBF52}"
EndProject
Project("{FAE04EC0-301F-11D3-BF4B-00C04F79EFBC}") = "Assembly-CSharp-Editor-firstpass", "Assembly-CSharp-Editor-firstpass.csproj", "{FCEBBFE8-F8AE-87B3-ABE0-1649E73474A9}"
EndProject
Global
	GlobalSection(SolutionConfigurationPlatforms) = preSolution
		Debug|Any CPU = Debug|Any CPU
		Release|Any CPU = Release|Any CPU
	EndGlobalSection
	GlobalSection(ProjectConfigurationPlatforms) = postSolution
		{4D64C43E-39FE-574D-043E-873993152B41}.Debug|Any CPU.ActiveCfg = Debug|Any CPU
		{4D64C43E-39FE-574D-043E-873993152B41}.Debug|Any CPU.Build.0 = Debug|Any CPU
		{4D64C43E-39FE-574D-043E-873993152B41}.Release|Any CPU.ActiveCfg = Release|Any CPU
		{4D64C43E-39FE-574D-043E-873993152B41}.Release|Any CPU.Build.0 = Release|Any CPU
		{93F041BF-8376-3FCE-5B03-3A0AAB6EBF52}.Debug|Any CPU.ActiveCfg = Debug|Any CPU
		{93F041BF-8376-3FCE-5B03-3A0AAB6EBF52}.Debug|Any CPU.Build.0 = Debug|Any CPU
		{93F041BF-8376-3FCE-5B03-3A0AAB6EBF52}.Release|Any CPU.ActiveCfg = Release|Any CPU
		{93F041BF-8376-3FCE-5B03-3A0AAB6EBF52}.Release|Any CPU.Build.0 = Release|Any CPU
		{FCEBBFE8-F8AE-87B3-ABE0-1649E73474A9}.Debug|Any CPU.ActiveCfg = Debug|Any CPU
		{FCEBBFE8-F8AE-87B3-ABE0-1649E73474A9}.Debug|Any CPU.Build.0 = Debug|Any CPU
		{FCEBBFE8-F8AE-87B3-ABE0-1649E73474A9}.Release|Any CPU.ActiveCfg = Release|Any CPU
		{FCEBBFE8-F8AE-87B3-ABE0-1649E73474A9}.Release|Any CPU.Build.0 = Release|Any CPU
	EndGlobalSection
	GlobalSection(SolutionProperties) = preSolution
		HideSolutionNode = FALSE
	EndGlobalSection
EndGlobal
